<Solution>
  <Project Path="Application/Application.csproj" />
  <Project Path="CrossCuttingConcerns/CrossCuttingConcerns.csproj" Id="54749bf6-26d9-49ea-add0-71243564904d" />
  <Project Path="Domain/Domain.csproj" />
  <Project Path="Infrastructure/Infrastructure.csproj" />
  <Project Path="Persistence/Persistence.csproj" />
  <Project Path="Security/Security.csproj" Id="5dd21717-fc9c-41e7-92d6-adea72c67777" />
  <Project Path="WebAPI/WebAPI.csproj" />
</Solution>
